// !$*UTF8*$!
{
	archiveVersion = 1;
	classes = {
	};
	objectVersion = 46;
	objects = {

/* Begin PBXBuildFile section */
		0D748EDD1A0E17AB00B280FF /* AppDelegate.swift in Sources */ = {isa = PBXBuildFile; fileRef = 0D748EDC1A0E17AB00B280FF /* AppDelegate.swift */; };
		0D748EDF1A0E17AB00B280FF /* ViewController.swift in Sources */ = {isa = PBXBuildFile; fileRef = 0D748EDE1A0E17AB00B280FF /* ViewController.swift */; };
		0D748EE21A0E17AB00B280FF /* Main.storyboard in Resources */ = {isa = PBXBuildFile; fileRef = 0D748EE01A0E17AB00B280FF /* Main.storyboard */; };
		0D748EE41A0E17AB00B280FF /* Images.xcassets in Resources */ = {isa = PBXBuildFile; fileRef = 0D748EE31A0E17AB00B280FF /* Images.xcassets */; };
		0D748EE71A0E17AB00B280FF /* LaunchScreen.xib in Resources */ = {isa = PBXBuildFile; fileRef = 0D748EE51A0E17AB00B280FF /* LaunchScreen.xib */; };
		0D748EF31A0E17AB00B280FF /* PPSwiftGifsExampleTests.swift in Sources */ = {isa = PBXBuildFile; fileRef = 0D748EF21A0E17AB00B280FF /* PPSwiftGifsExampleTests.swift */; };
		0D748F011A0E181100B280FF /* PPSwiftGifs.swift in Sources */ = {isa = PBXBuildFile; fileRef = 0D748F001A0E181100B280FF /* PPSwiftGifs.swift */; };
		0D748F031A0E1C3200B280FF /* ImageIO.framework in Frameworks */ = {isa = PBXBuildFile; fileRef = 0D748F021A0E1C3200B280FF /* ImageIO.framework */; };
		0D748F101A0E4D5200B280FF /* VariableDuration.gif in Resources */ = {isa = PBXBuildFile; fileRef = 0D748F0F1A0E4D5200B280FF /* VariableDuration.gif */; };
		0DC790E41A14E9E40097EB37 /* Loading.gif in Resources */ = {isa = PBXBuildFile; fileRef = 0DC790E31A14E9E40097EB37 /* Loading.gif */; };
		0DFFAE9C1AFF49F3009E1DFB /* PPSwiftGifs.h in Headers */ = {isa = PBXBuildFile; fileRef = 0DFFAE9B1AFF49F3009E1DFB /* PPSwiftGifs.h */; settings = {ATTRIBUTES = (Public, ); }; };
		0DFFAEA21AFF49F3009E1DFB /* PPSwiftGifs.framework in Frameworks */ = {isa = PBXBuildFile; fileRef = 0DFFAE971AFF49F3009E1DFB /* PPSwiftGifs.framework */; };
		0DFFAEA91AFF49F3009E1DFB /* PPSwiftGifsTests.swift in Sources */ = {isa = PBXBuildFile; fileRef = 0DFFAEA81AFF49F3009E1DFB /* PPSwiftGifsTests.swift */; };
		0DFFAEB01AFF4A4C009E1DFB /* PPSwiftGifs.swift in Sources */ = {isa = PBXBuildFile; fileRef = 0D748F001A0E181100B280FF /* PPSwiftGifs.swift */; };
		0DFFAEB11AFF4A69009E1DFB /* ImageIO.framework in Frameworks */ = {isa = PBXBuildFile; fileRef = 0D748F021A0E1C3200B280FF /* ImageIO.framework */; };
		0DFFAEB31AFF4AA6009E1DFB /* PPSwiftGifs-Bridging-Header.h in Headers */ = {isa = PBXBuildFile; fileRef = 0DFFAEB21AFF4AA6009E1DFB /* PPSwiftGifs-Bridging-Header.h */; };
/* End PBXBuildFile section */

/* Begin PBXContainerItemProxy section */
		0D748EED1A0E17AB00B280FF /* PBXContainerItemProxy */ = {
			isa = PBXContainerItemProxy;
			containerPortal = 0D748ECF1A0E17AB00B280FF /* Project object */;
			proxyType = 1;
			remoteGlobalIDString = 0D748ED61A0E17AB00B280FF;
			remoteInfo = PPSwiftGifsExample;
		};
		0DFFAEA31AFF49F3009E1DFB /* PBXContainerItemProxy */ = {
			isa = PBXContainerItemProxy;
			containerPortal = 0D748ECF1A0E17AB00B280FF /* Project object */;
			proxyType = 1;
			remoteGlobalIDString = 0DFFAE961AFF49F3009E1DFB;
			remoteInfo = PPSwiftGifs;
		};
/* End PBXContainerItemProxy section */

/* Begin PBXFileReference section */
		0D748ED71A0E17AB00B280FF /* PPSwiftGifsExample.app */ = {isa = PBXFileReference; explicitFileType = wrapper.application; includeInIndex = 0; path = PPSwiftGifsExample.app; sourceTree = BUILT_PRODUCTS_DIR; };
		0D748EDB1A0E17AB00B280FF /* Info.plist */ = {isa = PBXFileReference; lastKnownFileType = text.plist.xml; path = Info.plist; sourceTree = "<group>"; };
		0D748EDC1A0E17AB00B280FF /* AppDelegate.swift */ = {isa = PBXFileReference; lastKnownFileType = sourcecode.swift; path = AppDelegate.swift; sourceTree = "<group>"; };
		0D748EDE1A0E17AB00B280FF /* ViewController.swift */ = {isa = PBXFileReference; lastKnownFileType = sourcecode.swift; path = ViewController.swift; sourceTree = "<group>"; };
		0D748EE11A0E17AB00B280FF /* Base */ = {isa = PBXFileReference; lastKnownFileType = file.storyboard; name = Base; path = Base.lproj/Main.storyboard; sourceTree = "<group>"; };
		0D748EE31A0E17AB00B280FF /* Images.xcassets */ = {isa = PBXFileReference; lastKnownFileType = folder.assetcatalog; path = Images.xcassets; sourceTree = "<group>"; };
		0D748EE61A0E17AB00B280FF /* Base */ = {isa = PBXFileReference; lastKnownFileType = file.xib; name = Base; path = Base.lproj/LaunchScreen.xib; sourceTree = "<group>"; };
		0D748EEC1A0E17AB00B280FF /* PPSwiftGifsExampleTests.xctest */ = {isa = PBXFileReference; explicitFileType = wrapper.cfbundle; includeInIndex = 0; path = PPSwiftGifsExampleTests.xctest; sourceTree = BUILT_PRODUCTS_DIR; };
		0D748EF11A0E17AB00B280FF /* Info.plist */ = {isa = PBXFileReference; lastKnownFileType = text.plist.xml; path = Info.plist; sourceTree = "<group>"; };
		0D748EF21A0E17AB00B280FF /* PPSwiftGifsExampleTests.swift */ = {isa = PBXFileReference; lastKnownFileType = sourcecode.swift; path = PPSwiftGifsExampleTests.swift; sourceTree = "<group>"; };
		0D748F001A0E181100B280FF /* PPSwiftGifs.swift */ = {isa = PBXFileReference; fileEncoding = 4; lastKnownFileType = sourcecode.swift; path = PPSwiftGifs.swift; sourceTree = "<group>"; };
		0D748F021A0E1C3200B280FF /* ImageIO.framework */ = {isa = PBXFileReference; lastKnownFileType = wrapper.framework; name = ImageIO.framework; path = System/Library/Frameworks/ImageIO.framework; sourceTree = SDKROOT; };
		0D748F091A0E1DDC00B280FF /* PPSwiftGifsExample-Bridging-Header.h */ = {isa = PBXFileReference; lastKnownFileType = sourcecode.c.h; path = "PPSwiftGifsExample-Bridging-Header.h"; sourceTree = "<group>"; };
		0D748F0F1A0E4D5200B280FF /* VariableDuration.gif */ = {isa = PBXFileReference; lastKnownFileType = image.gif; path = VariableDuration.gif; sourceTree = "<group>"; };
		0DC790E31A14E9E40097EB37 /* Loading.gif */ = {isa = PBXFileReference; lastKnownFileType = image.gif; path = Loading.gif; sourceTree = "<group>"; };
		0DFFAE971AFF49F3009E1DFB /* PPSwiftGifs.framework */ = {isa = PBXFileReference; explicitFileType = wrapper.framework; includeInIndex = 0; path = PPSwiftGifs.framework; sourceTree = BUILT_PRODUCTS_DIR; };
		0DFFAE9A1AFF49F3009E1DFB /* Info.plist */ = {isa = PBXFileReference; lastKnownFileType = text.plist.xml; path = Info.plist; sourceTree = "<group>"; };
		0DFFAE9B1AFF49F3009E1DFB /* PPSwiftGifs.h */ = {isa = PBXFileReference; lastKnownFileType = sourcecode.c.h; path = PPSwiftGifs.h; sourceTree = "<group>"; };
		0DFFAEA11AFF49F3009E1DFB /* PPSwiftGifsTests.xctest */ = {isa = PBXFileReference; explicitFileType = wrapper.cfbundle; includeInIndex = 0; path = PPSwiftGifsTests.xctest; sourceTree = BUILT_PRODUCTS_DIR; };
		0DFFAEA71AFF49F3009E1DFB /* Info.plist */ = {isa = PBXFileReference; lastKnownFileType = text.plist.xml; path = Info.plist; sourceTree = "<group>"; };
		0DFFAEA81AFF49F3009E1DFB /* PPSwiftGifsTests.swift */ = {isa = PBXFileReference; lastKnownFileType = sourcecode.swift; path = PPSwiftGifsTests.swift; sourceTree = "<group>"; };
		0DFFAEB21AFF4AA6009E1DFB /* PPSwiftGifs-Bridging-Header.h */ = {isa = PBXFileReference; fileEncoding = 4; lastKnownFileType = sourcecode.c.h; name = "PPSwiftGifs-Bridging-Header.h"; path = "PPSwiftGifs/PPSwiftGifs-Bridging-Header.h"; sourceTree = SOURCE_ROOT; };
/* End PBXFileReference section */

/* Begin PBXFrameworksBuildPhase section */
		0D748ED41A0E17AB00B280FF /* Frameworks */ = {
			isa = PBXFrameworksBuildPhase;
			buildActionMask = 2147483647;
			files = (
				0D748F031A0E1C3200B280FF /* ImageIO.framework in Frameworks */,
			);
			runOnlyForDeploymentPostprocessing = 0;
		};
		0D748EE91A0E17AB00B280FF /* Frameworks */ = {
			isa = PBXFrameworksBuildPhase;
			buildActionMask = 2147483647;
			files = (
			);
			runOnlyForDeploymentPostprocessing = 0;
		};
		0DFFAE931AFF49F3009E1DFB /* Frameworks */ = {
			isa = PBXFrameworksBuildPhase;
			buildActionMask = 2147483647;
			files = (
				0DFFAEB11AFF4A69009E1DFB /* ImageIO.framework in Frameworks */,
			);
			runOnlyForDeploymentPostprocessing = 0;
		};
		0DFFAE9E1AFF49F3009E1DFB /* Frameworks */ = {
			isa = PBXFrameworksBuildPhase;
			buildActionMask = 2147483647;
			files = (
				0DFFAEA21AFF49F3009E1DFB /* PPSwiftGifs.framework in Frameworks */,
			);
			runOnlyForDeploymentPostprocessing = 0;
		};
/* End PBXFrameworksBuildPhase section */

/* Begin PBXGroup section */
		0D748ECE1A0E17AB00B280FF = {
			isa = PBXGroup;
			children = (
				0D748F021A0E1C3200B280FF /* ImageIO.framework */,
				0D748ED91A0E17AB00B280FF /* PPSwiftGifsExample */,
				0D748EEF1A0E17AB00B280FF /* PPSwiftGifsExampleTests */,
				0DFFAE981AFF49F3009E1DFB /* PPSwiftGifs */,
				0DFFAEA51AFF49F3009E1DFB /* PPSwiftGifsTests */,
				0D748ED81A0E17AB00B280FF /* Products */,
			);
			sourceTree = "<group>";
		};
		0D748ED81A0E17AB00B280FF /* Products */ = {
			isa = PBXGroup;
			children = (
				0D748ED71A0E17AB00B280FF /* PPSwiftGifsExample.app */,
				0D748EEC1A0E17AB00B280FF /* PPSwiftGifsExampleTests.xctest */,
				0DFFAE971AFF49F3009E1DFB /* PPSwiftGifs.framework */,
				0DFFAEA11AFF49F3009E1DFB /* PPSwiftGifsTests.xctest */,
			);
			name = Products;
			sourceTree = "<group>";
		};
		0D748ED91A0E17AB00B280FF /* PPSwiftGifsExample */ = {
			isa = PBXGroup;
			children = (
				0DC790E31A14E9E40097EB37 /* Loading.gif */,
				0D748F0F1A0E4D5200B280FF /* VariableDuration.gif */,
				0D748EFF1A0E181100B280FF /* PPSwiftGifs */,
				0D748EDC1A0E17AB00B280FF /* AppDelegate.swift */,
				0D748EDE1A0E17AB00B280FF /* ViewController.swift */,
				0D748EE01A0E17AB00B280FF /* Main.storyboard */,
				0D748EE31A0E17AB00B280FF /* Images.xcassets */,
				0D748EE51A0E17AB00B280FF /* LaunchScreen.xib */,
				0D748EDA1A0E17AB00B280FF /* Supporting Files */,
				0D748F091A0E1DDC00B280FF /* PPSwiftGifsExample-Bridging-Header.h */,
			);
			path = PPSwiftGifsExample;
			sourceTree = "<group>";
		};
		0D748EDA1A0E17AB00B280FF /* Supporting Files */ = {
			isa = PBXGroup;
			children = (
				0D748EDB1A0E17AB00B280FF /* Info.plist */,
			);
			name = "Supporting Files";
			sourceTree = "<group>";
		};
		0D748EEF1A0E17AB00B280FF /* PPSwiftGifsExampleTests */ = {
			isa = PBXGroup;
			children = (
				0D748EF21A0E17AB00B280FF /* PPSwiftGifsExampleTests.swift */,
				0D748EF01A0E17AB00B280FF /* Supporting Files */,
			);
			path = PPSwiftGifsExampleTests;
			sourceTree = "<group>";
		};
		0D748EF01A0E17AB00B280FF /* Supporting Files */ = {
			isa = PBXGroup;
			children = (
				0D748EF11A0E17AB00B280FF /* Info.plist */,
			);
			name = "Supporting Files";
			sourceTree = "<group>";
		};
		0D748EFF1A0E181100B280FF /* PPSwiftGifs */ = {
			isa = PBXGroup;
			children = (
				0D748F001A0E181100B280FF /* PPSwiftGifs.swift */,
			);
			name = PPSwiftGifs;
			path = ../../PPSwiftGifs;
			sourceTree = "<group>";
		};
		0DFFAE981AFF49F3009E1DFB /* PPSwiftGifs */ = {
			isa = PBXGroup;
			children = (
				0DFFAEB21AFF4AA6009E1DFB /* PPSwiftGifs-Bridging-Header.h */,
				0DFFAE9B1AFF49F3009E1DFB /* PPSwiftGifs.h */,
				0DFFAE991AFF49F3009E1DFB /* Supporting Files */,
			);
			path = PPSwiftGifs;
			sourceTree = "<group>";
		};
		0DFFAE991AFF49F3009E1DFB /* Supporting Files */ = {
			isa = PBXGroup;
			children = (
				0DFFAE9A1AFF49F3009E1DFB /* Info.plist */,
			);
			name = "Supporting Files";
			sourceTree = "<group>";
		};
		0DFFAEA51AFF49F3009E1DFB /* PPSwiftGifsTests */ = {
			isa = PBXGroup;
			children = (
				0DFFAEA81AFF49F3009E1DFB /* PPSwiftGifsTests.swift */,
				0DFFAEA61AFF49F3009E1DFB /* Supporting Files */,
			);
			path = PPSwiftGifsTests;
			sourceTree = "<group>";
		};
		0DFFAEA61AFF49F3009E1DFB /* Supporting Files */ = {
			isa = PBXGroup;
			children = (
				0DFFAEA71AFF49F3009E1DFB /* Info.plist */,
			);
			name = "Supporting Files";
			sourceTree = "<group>";
		};
/* End PBXGroup section */

/* Begin PBXHeadersBuildPhase section */
		0DFFAE941AFF49F3009E1DFB /* Headers */ = {
			isa = PBXHeadersBuildPhase;
			buildActionMask = 2147483647;
			files = (
				0DFFAEB31AFF4AA6009E1DFB /* PPSwiftGifs-Bridging-Header.h in Headers */,
				0DFFAE9C1AFF49F3009E1DFB /* PPSwiftGifs.h in Headers */,
			);
			runOnlyForDeploymentPostprocessing = 0;
		};
/* End PBXHeadersBuildPhase section */

/* Begin PBXNativeTarget section */
		0D748ED61A0E17AB00B280FF /* PPSwiftGifsExample */ = {
			isa = PBXNativeTarget;
			buildConfigurationList = 0D748EF61A0E17AB00B280FF /* Build configuration list for PBXNativeTarget "PPSwiftGifsExample" */;
			buildPhases = (
				0D748ED31A0E17AB00B280FF /* Sources */,
				0D748ED41A0E17AB00B280FF /* Frameworks */,
				0D748ED51A0E17AB00B280FF /* Resources */,
			);
			buildRules = (
			);
			dependencies = (
			);
			name = PPSwiftGifsExample;
			productName = PPSwiftGifsExample;
			productReference = 0D748ED71A0E17AB00B280FF /* PPSwiftGifsExample.app */;
			productType = "com.apple.product-type.application";
		};
		0D748EEB1A0E17AB00B280FF /* PPSwiftGifsExampleTests */ = {
			isa = PBXNativeTarget;
			buildConfigurationList = 0D748EF91A0E17AB00B280FF /* Build configuration list for PBXNativeTarget "PPSwiftGifsExampleTests" */;
			buildPhases = (
				0D748EE81A0E17AB00B280FF /* Sources */,
				0D748EE91A0E17AB00B280FF /* Frameworks */,
				0D748EEA1A0E17AB00B280FF /* Resources */,
			);
			buildRules = (
			);
			dependencies = (
				0D748EEE1A0E17AB00B280FF /* PBXTargetDependency */,
			);
			name = PPSwiftGifsExampleTests;
			productName = PPSwiftGifsExampleTests;
			productReference = 0D748EEC1A0E17AB00B280FF /* PPSwiftGifsExampleTests.xctest */;
			productType = "com.apple.product-type.bundle.unit-test";
		};
		0DFFAE961AFF49F3009E1DFB /* PPSwiftGifs */ = {
			isa = PBXNativeTarget;
			buildConfigurationList = 0DFFAEAE1AFF49F3009E1DFB /* Build configuration list for PBXNativeTarget "PPSwiftGifs" */;
			buildPhases = (
				0DFFAE921AFF49F3009E1DFB /* Sources */,
				0DFFAE931AFF49F3009E1DFB /* Frameworks */,
				0DFFAE941AFF49F3009E1DFB /* Headers */,
				0DFFAE951AFF49F3009E1DFB /* Resources */,
			);
			buildRules = (
			);
			dependencies = (
			);
			name = PPSwiftGifs;
			productName = PPSwiftGifs;
			productReference = 0DFFAE971AFF49F3009E1DFB /* PPSwiftGifs.framework */;
			productType = "com.apple.product-type.framework";
		};
		0DFFAEA01AFF49F3009E1DFB /* PPSwiftGifsTests */ = {
			isa = PBXNativeTarget;
			buildConfigurationList = 0DFFAEAF1AFF49F3009E1DFB /* Build configuration list for PBXNativeTarget "PPSwiftGifsTests" */;
			buildPhases = (
				0DFFAE9D1AFF49F3009E1DFB /* Sources */,
				0DFFAE9E1AFF49F3009E1DFB /* Frameworks */,
				0DFFAE9F1AFF49F3009E1DFB /* Resources */,
			);
			buildRules = (
			);
			dependencies = (
				0DFFAEA41AFF49F3009E1DFB /* PBXTargetDependency */,
			);
			name = PPSwiftGifsTests;
			productName = PPSwiftGifsTests;
			productReference = 0DFFAEA11AFF49F3009E1DFB /* PPSwiftGifsTests.xctest */;
			productType = "com.apple.product-type.bundle.unit-test";
		};
/* End PBXNativeTarget section */

/* Begin PBXProject section */
		0D748ECF1A0E17AB00B280FF /* Project object */ = {
			isa = PBXProject;
			attributes = {
				LastUpgradeCheck = 0610;
				ORGANIZATIONNAME = "Peter Prokop";
				TargetAttributes = {
					0D748ED61A0E17AB00B280FF = {
						CreatedOnToolsVersion = 6.1;
					};
					0D748EEB1A0E17AB00B280FF = {
						CreatedOnToolsVersion = 6.1;
						TestTargetID = 0D748ED61A0E17AB00B280FF;
					};
					0DFFAE961AFF49F3009E1DFB = {
						CreatedOnToolsVersion = 6.3;
					};
					0DFFAEA01AFF49F3009E1DFB = {
						CreatedOnToolsVersion = 6.3;
					};
				};
			};
			buildConfigurationList = 0D748ED21A0E17AB00B280FF /* Build configuration list for PBXProject "PPSwiftGifsExample" */;
			compatibilityVersion = "Xcode 3.2";
			developmentRegion = English;
			hasScannedForEncodings = 0;
			knownRegions = (
				English,
				en,
				Base,
			);
			mainGroup = 0D748ECE1A0E17AB00B280FF;
			productRefGroup = 0D748ED81A0E17AB00B280FF /* Products */;
			projectDirPath = "";
			projectRoot = "";
			targets = (
				0D748ED61A0E17AB00B280FF /* PPSwiftGifsExample */,
				0D748EEB1A0E17AB00B280FF /* PPSwiftGifsExampleTests */,
				0DFFAE961AFF49F3009E1DFB /* PPSwiftGifs */,
				0DFFAEA01AFF49F3009E1DFB /* PPSwiftGifsTests */,
			);
		};
/* End PBXProject section */

/* Begin PBXResourcesBuildPhase section */
		0D748ED51A0E17AB00B280FF /* Resources */ = {
			isa = PBXResourcesBuildPhase;
			buildActionMask = 2147483647;
			files = (
				0D748F101A0E4D5200B280FF /* VariableDuration.gif in Resources */,
				0D748EE21A0E17AB00B280FF /* Main.storyboard in Resources */,
				0D748EE71A0E17AB00B280FF /* LaunchScreen.xib in Resources */,
				0D748EE41A0E17AB00B280FF /* Images.xcassets in Resources */,
				0DC790E41A14E9E40097EB37 /* Loading.gif in Resources */,
			);
			runOnlyForDeploymentPostprocessing = 0;
		};
		0D748EEA1A0E17AB00B280FF /* Resources */ = {
			isa = PBXResourcesBuildPhase;
			buildActionMask = 2147483647;
			files = (
			);
			runOnlyForDeploymentPostprocessing = 0;
		};
		0DFFAE951AFF49F3009E1DFB /* Resources */ = {
			isa = PBXResourcesBuildPhase;
			buildActionMask = 2147483647;
			files = (
			);
			runOnlyForDeploymentPostprocessing = 0;
		};
		0DFFAE9F1AFF49F3009E1DFB /* Resources */ = {
			isa = PBXResourcesBuildPhase;
			buildActionMask = 2147483647;
			files = (
			);
			runOnlyForDeploymentPostprocessing = 0;
		};
/* End PBXResourcesBuildPhase section */

/* Begin PBXSourcesBuildPhase section */
		0D748ED31A0E17AB00B280FF /* Sources */ = {
			isa = PBXSourcesBuildPhase;
			buildActionMask = 2147483647;
			files = (
				0D748EDF1A0E17AB00B280FF /* ViewController.swift in Sources */,
				0D748EDD1A0E17AB00B280FF /* AppDelegate.swift in Sources */,
				0D748F011A0E181100B280FF /* PPSwiftGifs.swift in Sources */,
			);
			runOnlyForDeploymentPostprocessing = 0;
		};
		0D748EE81A0E17AB00B280FF /* Sources */ = {
			isa = PBXSourcesBuildPhase;
			buildActionMask = 2147483647;
			files = (
				0D748EF31A0E17AB00B280FF /* PPSwiftGifsExampleTests.swift in Sources */,
			);
			runOnlyForDeploymentPostprocessing = 0;
		};
		0DFFAE921AFF49F3009E1DFB /* Sources */ = {
			isa = PBXSourcesBuildPhase;
			buildActionMask = 2147483647;
			files = (
				0DFFAEB01AFF4A4C009E1DFB /* PPSwiftGifs.swift in Sources */,
			);
			runOnlyForDeploymentPostprocessing = 0;
		};
		0DFFAE9D1AFF49F3009E1DFB /* Sources */ = {
			isa = PBXSourcesBuildPhase;
			buildActionMask = 2147483647;
			files = (
				0DFFAEA91AFF49F3009E1DFB /* PPSwiftGifsTests.swift in Sources */,
			);
			runOnlyForDeploymentPostprocessing = 0;
		};
/* End PBXSourcesBuildPhase section */

/* Begin PBXTargetDependency section */
		0D748EEE1A0E17AB00B280FF /* PBXTargetDependency */ = {
			isa = PBXTargetDependency;
			target = 0D748ED61A0E17AB00B280FF /* PPSwiftGifsExample */;
			targetProxy = 0D748EED1A0E17AB00B280FF /* PBXContainerItemProxy */;
		};
		0DFFAEA41AFF49F3009E1DFB /* PBXTargetDependency */ = {
			isa = PBXTargetDependency;
			target = 0DFFAE961AFF49F3009E1DFB /* PPSwiftGifs */;
			targetProxy = 0DFFAEA31AFF49F3009E1DFB /* PBXContainerItemProxy */;
		};
/* End PBXTargetDependency section */

/* Begin PBXVariantGroup section */
		0D748EE01A0E17AB00B280FF /* Main.storyboard */ = {
			isa = PBXVariantGroup;
			children = (
				0D748EE11A0E17AB00B280FF /* Base */,
			);
			name = Main.storyboard;
			sourceTree = "<group>";
		};
		0D748EE51A0E17AB00B280FF /* LaunchScreen.xib */ = {
			isa = PBXVariantGroup;
			children = (
				0D748EE61A0E17AB00B280FF /* Base */,
			);
			name = LaunchScreen.xib;
			sourceTree = "<group>";
		};
/* End PBXVariantGroup section */

/* Begin XCBuildConfiguration section */
		0D748EF41A0E17AB00B280FF /* Debug */ = {
			isa = XCBuildConfiguration;
			buildSettings = {
				ALWAYS_SEARCH_USER_PATHS = NO;
				CLANG_CXX_LANGUAGE_STANDARD = "gnu++0x";
				CLANG_CXX_LIBRARY = "libc++";
				CLANG_ENABLE_MODULES = YES;
				CLANG_ENABLE_OBJC_ARC = YES;
				CLANG_WARN_BOOL_CONVERSION = YES;
				CLANG_WARN_CONSTANT_CONVERSION = YES;
				CLANG_WARN_DIRECT_OBJC_ISA_USAGE = YES_ERROR;
				CLANG_WARN_EMPTY_BODY = YES;
				CLANG_WARN_ENUM_CONVERSION = YES;
				CLANG_WARN_INT_CONVERSION = YES;
				CLANG_WARN_OBJC_ROOT_CLASS = YES_ERROR;
				CLANG_WARN_UNREACHABLE_CODE = YES;
				CLANG_WARN__DUPLICATE_METHOD_MATCH = YES;
				"CODE_SIGN_IDENTITY[sdk=iphoneos*]" = "iPhone Developer";
				COPY_PHASE_STRIP = NO;
				ENABLE_STRICT_OBJC_MSGSEND = YES;
				GCC_C_LANGUAGE_STANDARD = gnu99;
				GCC_DYNAMIC_NO_PIC = NO;
				GCC_OPTIMIZATION_LEVEL = 0;
				GCC_PREPROCESSOR_DEFINITIONS = (
					"DEBUG=1",
					"$(inherited)",
				);
				GCC_SYMBOLS_PRIVATE_EXTERN = NO;
				GCC_WARN_64_TO_32_BIT_CONVERSION = YES;
				GCC_WARN_ABOUT_RETURN_TYPE = YES_ERROR;
				GCC_WARN_UNDECLARED_SELECTOR = YES;
				GCC_WARN_UNINITIALIZED_AUTOS = YES_AGGRESSIVE;
				GCC_WARN_UNUSED_FUNCTION = YES;
				GCC_WARN_UNUSED_VARIABLE = YES;
				IPHONEOS_DEPLOYMENT_TARGET = 13.0;
				MTL_ENABLE_DEBUG_INFO = YES;
				ONLY_ACTIVE_ARCH = YES;
				SDKROOT = iphoneos;
				SWIFT_OPTIMIZATION_LEVEL = "-Onone";
				SWIFT_VERSION = 5.0;
			};
			name = Debug;
		};
		0D748EF51A0E17AB00B280FF /* Release */ = {
			isa = XCBuildConfiguration;
			buildSettings = {
				ALWAYS_SEARCH_USER_PATHS = NO;
				CLANG_CXX_LANGUAGE_STANDARD = "gnu++0x";
				CLANG_CXX_LIBRARY = "libc++";
				CLANG_ENABLE_MODULES = YES;
				CLANG_ENABLE_OBJC_ARC = YES;
				CLANG_WARN_BOOL_CONVERSION = YES;
				CLANG_WARN_CONSTANT_CONVERSION = YES;
				CLANG_WARN_DIRECT_OBJC_ISA_USAGE = YES_ERROR;
				CLANG_WARN_EMPTY_BODY = YES;
				CLANG_WARN_ENUM_CONVERSION = YES;
				CLANG_WARN_INT_CONVERSION = YES;
				CLANG_WARN_OBJC_ROOT_CLASS = YES_ERROR;
				CLANG_WARN_UNREACHABLE_CODE = YES;
				CLANG_WARN__DUPLICATE_METHOD_MATCH = YES;
				"CODE_SIGN_IDENTITY[sdk=iphoneos*]" = "iPhone Developer";
				COPY_PHASE_STRIP = YES;
				ENABLE_NS_ASSERTIONS = NO;
				ENABLE_STRICT_OBJC_MSGSEND = YES;
				GCC_C_LANGUAGE_STANDARD = gnu99;
				GCC_WARN_64_TO_32_BIT_CONVERSION = YES;
				GCC_WARN_ABOUT_RETURN_TYPE = YES_ERROR;
				GCC_WARN_UNDECLARED_SELECTOR = YES;
				GCC_WARN_UNINITIALIZED_AUTOS = YES_AGGRESSIVE;
				GCC_WARN_UNUSED_FUNCTION = YES;
				GCC_WARN_UNUSED_VARIABLE = YES;
				IPHONEOS_DEPLOYMENT_TARGET = 13.0;
				MTL_ENABLE_DEBUG_INFO = NO;
				SDKROOT = iphoneos;
				SWIFT_VERSION = 5.0;
				VALIDATE_PRODUCT = YES;
			};
			name = Release;
		};
		0D748EF71A0E17AB00B280FF /* Debug */ = {
			isa = XCBuildConfiguration;
			buildSettings = {
				ASSETCATALOG_COMPILER_APPICON_NAME = AppIcon;
				CLANG_ENABLE_MODULES = YES;
				INFOPLIST_FILE = PPSwiftGifsExample/Info.plist;
				IPHONEOS_DEPLOYMENT_TARGET = 7.0;
				LD_RUNPATH_SEARCH_PATHS = "$(inherited) @executable_path/Frameworks";
				PRODUCT_NAME = "$(TARGET_NAME)";
				SWIFT_OBJC_BRIDGING_HEADER = "PPSwiftGifsExample/PPSwiftGifsExample-Bridging-Header.h";
				SWIFT_OPTIMIZATION_LEVEL = "-Onone";
			};
			name = Debug;
		};
		0D748EF81A0E17AB00B280FF /* Release */ = {
			isa = XCBuildConfiguration;
			buildSettings = {
				ASSETCATALOG_COMPILER_APPICON_NAME = AppIcon;
				CLANG_ENABLE_MODULES = YES;
				INFOPLIST_FILE = PPSwiftGifsExample/Info.plist;
				IPHONEOS_DEPLOYMENT_TARGET = 7.0;
				LD_RUNPATH_SEARCH_PATHS = "$(inherited) @executable_path/Frameworks";
				PRODUCT_NAME = "$(TARGET_NAME)";
				SWIFT_OBJC_BRIDGING_HEADER = "PPSwiftGifsExample/PPSwiftGifsExample-Bridging-Header.h";
			};
			name = Release;
		};
		0D748EFA1A0E17AB00B280FF /* Debug */ = {
			isa = XCBuildConfiguration;
			buildSettings = {
				BUNDLE_LOADER = "$(TEST_HOST)";
				FRAMEWORK_SEARCH_PATHS = (
					"$(SDKROOT)/Developer/Library/Frameworks",
					"$(inherited)",
				);
				GCC_PREPROCESSOR_DEFINITIONS = (
					"DEBUG=1",
					"$(inherited)",
				);
				INFOPLIST_FILE = PPSwiftGifsExampleTests/Info.plist;
				LD_RUNPATH_SEARCH_PATHS = "$(inherited) @executable_path/Frameworks @loader_path/Frameworks";
				PRODUCT_NAME = "$(TARGET_NAME)";
				TEST_HOST = "$(BUILT_PRODUCTS_DIR)/PPSwiftGifsExample.app/PPSwiftGifsExample";
			};
			name = Debug;
		};
		0D748EFB1A0E17AB00B280FF /* Release */ = {
			isa = XCBuildConfiguration;
			buildSettings = {
				BUNDLE_LOADER = "$(TEST_HOST)";
				FRAMEWORK_SEARCH_PATHS = (
					"$(SDKROOT)/Developer/Library/Frameworks",
					"$(inherited)",
				);
				INFOPLIST_FILE = PPSwiftGifsExampleTests/Info.plist;
				LD_RUNPATH_SEARCH_PATHS = "$(inherited) @executable_path/Frameworks @loader_path/Frameworks";
				PRODUCT_NAME = "$(TARGET_NAME)";
				TEST_HOST = "$(BUILT_PRODUCTS_DIR)/PPSwiftGifsExample.app/PPSwiftGifsExample";
			};
			name = Release;
		};
		0DFFAEAA1AFF49F3009E1DFB /* Debug */ = {
			isa = XCBuildConfiguration;
			buildSettings = {
				CURRENT_PROJECT_VERSION = 1;
				DEBUG_INFORMATION_FORMAT = "dwarf-with-dsym";
				DEFINES_MODULE = YES;
				DYLIB_COMPATIBILITY_VERSION = 1;
				DYLIB_CURRENT_VERSION = 1;
				DYLIB_INSTALL_NAME_BASE = "@rpath";
				GCC_NO_COMMON_BLOCKS = YES;
				GCC_PREPROCESSOR_DEFINITIONS = (
					"DEBUG=1",
					"$(inherited)",
				);
				INFOPLIST_FILE = PPSwiftGifs/Info.plist;
				INSTALL_PATH = "$(LOCAL_LIBRARY_DIR)/Frameworks";
				IPHONEOS_DEPLOYMENT_TARGET = 13.0;
				"IPHONEOS_DEPLOYMENT_TARGET[sdk=macosx*]" = 13.1;
				LD_RUNPATH_SEARCH_PATHS = "$(inherited) @executable_path/Frameworks @loader_path/Frameworks";
				PRODUCT_NAME = "$(TARGET_NAME)";
				SKIP_INSTALL = YES;
				SWIFT_OBJC_BRIDGING_HEADER = "";
				SWIFT_VERSION = 5.0;
				TARGETED_DEVICE_FAMILY = "1,2";
				VERSIONING_SYSTEM = "apple-generic";
				VERSION_INFO_PREFIX = "";
			};
			name = Debug;
		};
		0DFFAEAB1AFF49F3009E1DFB /* Release */ = {
			isa = XCBuildConfiguration;
			buildSettings = {
				COPY_PHASE_STRIP = NO;
				CURRENT_PROJECT_VERSION = 1;
				DEBUG_INFORMATION_FORMAT = "dwarf-with-dsym";
				DEFINES_MODULE = YES;
				DYLIB_COMPATIBILITY_VERSION = 1;
				DYLIB_CURRENT_VERSION = 1;
				DYLIB_INSTALL_NAME_BASE = "@rpath";
				GCC_NO_COMMON_BLOCKS = YES;
				INFOPLIST_FILE = PPSwiftGifs/Info.plist;
				INSTALL_PATH = "$(LOCAL_LIBRARY_DIR)/Frameworks";
				IPHONEOS_DEPLOYMENT_TARGET = 13.0;
				"IPHONEOS_DEPLOYMENT_TARGET[sdk=macosx*]" = 13.1;
				LD_RUNPATH_SEARCH_PATHS = "$(inherited) @executable_path/Frameworks @loader_path/Frameworks";
				PRODUCT_NAME = "$(TARGET_NAME)";
				SKIP_INSTALL = YES;
				SWIFT_OBJC_BRIDGING_HEADER = "";
				SWIFT_VERSION = 5.0;
				TARGETED_DEVICE_FAMILY = "1,2";
				VERSIONING_SYSTEM = "apple-generic";
				VERSION_INFO_PREFIX = "";
			};
			name = Release;
		};
		0DFFAEAC1AFF49F3009E1DFB /* Debug */ = {
			isa = XCBuildConfiguration;
			buildSettings = {
				DEBUG_INFORMATION_FORMAT = "dwarf-with-dsym";
				FRAMEWORK_SEARCH_PATHS = (
					"$(SDKROOT)/Developer/Library/Frameworks",
					"$(inherited)",
				);
				GCC_NO_COMMON_BLOCKS = YES;
				GCC_PREPROCESSOR_DEFINITIONS = (
					"DEBUG=1",
					"$(inherited)",
				);
				INFOPLIST_FILE = PPSwiftGifsTests/Info.plist;
				IPHONEOS_DEPLOYMENT_TARGET = 8.3;
				LD_RUNPATH_SEARCH_PATHS = "$(inherited) @executable_path/Frameworks @loader_path/Frameworks";
				PRODUCT_NAME = "$(TARGET_NAME)";
			};
			name = Debug;
		};
		0DFFAEAD1AFF49F3009E1DFB /* Release */ = {
			isa = XCBuildConfiguration;
			buildSettings = {
				COPY_PHASE_STRIP = NO;
				DEBUG_INFORMATION_FORMAT = "dwarf-with-dsym";
				FRAMEWORK_SEARCH_PATHS = (
					"$(SDKROOT)/Developer/Library/Frameworks",
					"$(inherited)",
				);
				GCC_NO_COMMON_BLOCKS = YES;
				INFOPLIST_FILE = PPSwiftGifsTests/Info.plist;
				IPHONEOS_DEPLOYMENT_TARGET = 8.3;
				LD_RUNPATH_SEARCH_PATHS = "$(inherited) @executable_path/Frameworks @loader_path/Frameworks";
				PRODUCT_NAME = "$(TARGET_NAME)";
			};
			name = Release;
		};
/* End XCBuildConfiguration section */

/* Begin XCConfigurationList section */
		0D748ED21A0E17AB00B280FF /* Build configuration list for PBXProject "PPSwiftGifsExample" */ = {
			isa = XCConfigurationList;
			buildConfigurations = (
				0D748EF41A0E17AB00B280FF /* Debug */,
				0D748EF51A0E17AB00B280FF /* Release */,
			);
			defaultConfigurationIsVisible = 0;
			defaultConfigurationName = Release;
		};
		0D748EF61A0E17AB00B280FF /* Build configuration list for PBXNativeTarget "PPSwiftGifsExample" */ = {
			isa = XCConfigurationList;
			buildConfigurations = (
				0D748EF71A0E17AB00B280FF /* Debug */,
				0D748EF81A0E17AB00B280FF /* Release */,
			);
			defaultConfigurationIsVisible = 0;
			defaultConfigurationName = Release;
		};
		0D748EF91A0E17AB00B280FF /* Build configuration list for PBXNativeTarget "PPSwiftGifsExampleTests" */ = {
			isa = XCConfigurationList;
			buildConfigurations = (
				0D748EFA1A0E17AB00B280FF /* Debug */,
				0D748EFB1A0E17AB00B280FF /* Release */,
			);
			defaultConfigurationIsVisible = 0;
			defaultConfigurationName = Release;
		};
		0DFFAEAE1AFF49F3009E1DFB /* Build configuration list for PBXNativeTarget "PPSwiftGifs" */ = {
			isa = XCConfigurationList;
			buildConfigurations = (
				0DFFAEAA1AFF49F3009E1DFB /* Debug */,
				0DFFAEAB1AFF49F3009E1DFB /* Release */,
			);
			defaultConfigurationIsVisible = 0;
			defaultConfigurationName = Release;
		};
		0DFFAEAF1AFF49F3009E1DFB /* Build configuration list for PBXNativeTarget "PPSwiftGifsTests" */ = {
			isa = XCConfigurationList;
			buildConfigurations = (
				0DFFAEAC1AFF49F3009E1DFB /* Debug */,
				0DFFAEAD1AFF49F3009E1DFB /* Release */,
			);
			defaultConfigurationIsVisible = 0;
			defaultConfigurationName = Release;
		};
/* End XCConfigurationList section */
	};
	rootObject = 0D748ECF1A0E17AB00B280FF /* Project object */;
}
